
Microsoft Visual Studio Solution File, Format Version 12.00
# Visual Studio Version 16
VisualStudioVersion = 16.0.30804.86
MinimumVisualStudioVersion = 10.0.40219.1
Project("{2150E333-8FDC-42A3-9474-1A3956D46DE8}") = "ComposerProjects", "ComposerProjects", "{FCE7D6D6-17DE-4FB6-A249-4F13B19127D6}"
EndProject
Project("{9A19103F-16F7-4668-BE54-9A1E7A4F7556}") = "Microsoft.BotFramework.Composer.Core", "Microsoft.BotFramework.Composer.Core\Microsoft.BotFramework.Composer.Core.csproj", "{CC033220-1688-434E-B4C2-60DD71E4ADC5}"
EndProject
Project("{9A19103F-16F7-4668-BE54-9A1E7A4F7556}") = "Integrate_Composer_Dialogs_Using_Skill_Composer_Generated", "Integrate_Composer_Dialogs_Using_Skill_Composer_Generated\Integrate_Composer_Dialogs_Using_Skill_Composer_Generated.csproj", "{3BFCB3FA-911C-4928-9276-945038B5E9B7}"
EndProject
Global
	GlobalSection(SolutionConfigurationPlatforms) = preSolution
		Debug|Any CPU = Debug|Any CPU
		Release|Any CPU = Release|Any CPU
	EndGlobalSection
	GlobalSection(ProjectConfigurationPlatforms) = postSolution
		{CC033220-1688-434E-B4C2-60DD71E4ADC5}.Debug|Any CPU.ActiveCfg = Debug|Any CPU
		{CC033220-1688-434E-B4C2-60DD71E4ADC5}.Debug|Any CPU.Build.0 = Debug|Any CPU
		{CC033220-1688-434E-B4C2-60DD71E4ADC5}.Release|Any CPU.ActiveCfg = Release|Any CPU
		{CC033220-1688-434E-B4C2-60DD71E4ADC5}.Release|Any CPU.Build.0 = Release|Any CPU
		{3BFCB3FA-911C-4928-9276-945038B5E9B7}.Debug|Any CPU.ActiveCfg = Debug|Any CPU
		{3BFCB3FA-911C-4928-9276-945038B5E9B7}.Debug|Any CPU.Build.0 = Debug|Any CPU
		{3BFCB3FA-911C-4928-9276-945038B5E9B7}.Release|Any CPU.ActiveCfg = Release|Any CPU
		{3BFCB3FA-911C-4928-9276-945038B5E9B7}.Release|Any CPU.Build.0 = Release|Any CPU
	EndGlobalSection
	GlobalSection(SolutionProperties) = preSolution
		HideSolutionNode = FALSE
	EndGlobalSection
	GlobalSection(NestedProjects) = preSolution
		{CC033220-1688-434E-B4C2-60DD71E4ADC5} = {FCE7D6D6-17DE-4FB6-A249-4F13B19127D6}
	EndGlobalSection
	GlobalSection(ExtensibilityGlobals) = postSolution
		SolutionGuid = {56A30A6F-D30D-4CBC-AB15-3A23B3499AD1}
	EndGlobalSection
EndGlobal
